
Microsoft Visual Studio Solution File, Format Version 12.00
# Visual Studio Version 16
VisualStudioVersion = 16.0.31729.503
MinimumVisualStudioVersion = 10.0.40219.1
Project("{FAE04EC0-301F-11D3-BF4B-00C04F79EFBC}") = "AcceptanceAndRejection", "AcceptanceAndRejection.csproj", "{FBA5DD2C-8BA7-4AD1-A296-3ECC439A2750}"
EndProject
Global
	GlobalSection(SolutionConfigurationPlatforms) = preSolution
		Debug|Any CPU = Debug|Any CPU
		Release|Any CPU = Release|Any CPU
	EndGlobalSection
	GlobalSection(ProjectConfigurationPlatforms) = postSolution
		{FBA5DD2C-8BA7-4AD1-A296-3ECC439A2750}.Debug|Any CPU.ActiveCfg = Debug|Any CPU
		{FBA5DD2C-8BA7-4AD1-A296-3ECC439A2750}.Debug|Any CPU.Build.0 = Debug|Any CPU
		{FBA5DD2C-8BA7-4AD1-A296-3ECC439A2750}.Release|Any CPU.ActiveCfg = Release|Any CPU
		{FBA5DD2C-8BA7-4AD1-A296-3ECC439A2750}.Release|Any CPU.Build.0 = Release|Any CPU
	EndGlobalSection
	GlobalSection(SolutionProperties) = preSolution
		HideSolutionNode = FALSE
	EndGlobalSection
	GlobalSection(ExtensibilityGlobals) = postSolution
		SolutionGuid = {2156FCAF-21E4-4116-B85B-ECC66479C97F}
	EndGlobalSection
EndGlobal
